
Microsoft Visual Studio Solution File, Format Version 12.00
# Visual Studio Version 17
VisualStudioVersion = 17.12.35527.113 d17.12
MinimumVisualStudioVersion = 10.0.40219.1
Project("{FAE04EC0-301F-11D3-BF4B-00C04F79EFBC}") = "Presentation", "Presentation\Presentation.csproj", "{0C0A0885-CF6F-41CE-A8E9-A0CAB804B775}"
EndProject
Project("{FAE04EC0-301F-11D3-BF4B-00C04F79EFBC}") = "DAL", "DAL\DAL.csproj", "{D591C1A8-4A21-415A-B73E-80F9C3FB45C0}"
EndProject
Project("{FAE04EC0-301F-11D3-BF4B-00C04F79EFBC}") = "BLL", "BLL\BLL.csproj", "{097AB8AD-783F-46D8-8D17-E3FE0A089BF8}"
EndProject
Global
	GlobalSection(SolutionConfigurationPlatforms) = preSolution
		Debug|Any CPU = Debug|Any CPU
		Release|Any CPU = Release|Any CPU
	EndGlobalSection
	GlobalSection(ProjectConfigurationPlatforms) = postSolution
		{0C0A0885-CF6F-41CE-A8E9-A0CAB804B775}.Debug|Any CPU.ActiveCfg = Debug|Any CPU
		{0C0A0885-CF6F-41CE-A8E9-A0CAB804B775}.Debug|Any CPU.Build.0 = Debug|Any CPU
		{0C0A0885-CF6F-41CE-A8E9-A0CAB804B775}.Release|Any CPU.ActiveCfg = Release|Any CPU
		{0C0A0885-CF6F-41CE-A8E9-A0CAB804B775}.Release|Any CPU.Build.0 = Release|Any CPU
		{D591C1A8-4A21-415A-B73E-80F9C3FB45C0}.Debug|Any CPU.ActiveCfg = Debug|Any CPU
		{D591C1A8-4A21-415A-B73E-80F9C3FB45C0}.Debug|Any CPU.Build.0 = Debug|Any CPU
		{D591C1A8-4A21-415A-B73E-80F9C3FB45C0}.Release|Any CPU.ActiveCfg = Release|Any CPU
		{D591C1A8-4A21-415A-B73E-80F9C3FB45C0}.Release|Any CPU.Build.0 = Release|Any CPU
		{097AB8AD-783F-46D8-8D17-E3FE0A089BF8}.Debug|Any CPU.ActiveCfg = Debug|Any CPU
		{097AB8AD-783F-46D8-8D17-E3FE0A089BF8}.Debug|Any CPU.Build.0 = Debug|Any CPU
		{097AB8AD-783F-46D8-8D17-E3FE0A089BF8}.Release|Any CPU.ActiveCfg = Release|Any CPU
		{097AB8AD-783F-46D8-8D17-E3FE0A089BF8}.Release|Any CPU.Build.0 = Release|Any CPU
	EndGlobalSection
	GlobalSection(SolutionProperties) = preSolution
		HideSolutionNode = FALSE
	EndGlobalSection
EndGlobal
